
Microsoft Visual Studio Solution File, Format Version 12.00
# Visual Studio Version 17
VisualStudioVersion = 17.12.35527.113 d17.12
MinimumVisualStudioVersion = 10.0.40219.1
Project("{FAE04EC0-301F-11D3-BF4B-00C04F79EFBC}") = "Bulan.KL.Winforms.UserManager", "Bulan.KL.Winforms.UserManager\Bulan.KL.Winforms.UserManager.csproj", "{69E02D70-010D-47A1-8FCA-A23BF6FDCB0F}"
EndProject
Global
	GlobalSection(SolutionConfigurationPlatforms) = preSolution
		Debug|Any CPU = Debug|Any CPU
		Release|Any CPU = Release|Any CPU
	EndGlobalSection
	GlobalSection(ProjectConfigurationPlatforms) = postSolution
		{69E02D70-010D-47A1-8FCA-A23BF6FDCB0F}.Debug|Any CPU.ActiveCfg = Debug|Any CPU
		{69E02D70-010D-47A1-8FCA-A23BF6FDCB0F}.Debug|Any CPU.Build.0 = Debug|Any CPU
		{69E02D70-010D-47A1-8FCA-A23BF6FDCB0F}.Release|Any CPU.ActiveCfg = Release|Any CPU
		{69E02D70-010D-47A1-8FCA-A23BF6FDCB0F}.Release|Any CPU.Build.0 = Release|Any CPU
	EndGlobalSection
	GlobalSection(SolutionProperties) = preSolution
		HideSolutionNode = FALSE
	EndGlobalSection
EndGlobal
